// !$*UTF8*$!
{
	archiveVersion = 1;
	classes = {
	};
	objectVersion = 52;
	objects = {

/* Begin PBXBuildFile section */
		AD1597FD2648DE0E007CFAA5 /* PactSwiftMockServer.framework in Frameworks */ = {isa = PBXBuildFile; fileRef = AD1597F32648DE0E007CFAA5 /* PactSwiftMockServer.framework */; };
		AD1598042648DE0E007CFAA5 /* PactSwiftMockServer.h in Headers */ = {isa = PBXBuildFile; fileRef = AD1597F62648DE0E007CFAA5 /* PactSwiftMockServer.h */; settings = {ATTRIBUTES = (Public, ); }; };
		AD1598122648DF36007CFAA5 /* PactSwiftToolbox in Frameworks */ = {isa = PBXBuildFile; productRef = AD1598112648DF36007CFAA5 /* PactSwiftToolbox */; };
		AD1598212648DF73007CFAA5 /* PactSwiftMockServer.framework in Frameworks */ = {isa = PBXBuildFile; fileRef = AD1598182648DF73007CFAA5 /* PactSwiftMockServer.framework */; };
		AD1598312648E32F007CFAA5 /* MockServer.swift in Sources */ = {isa = PBXBuildFile; fileRef = AD1598302648E32F007CFAA5 /* MockServer.swift */; };
		AD1598322648E32F007CFAA5 /* MockServer.swift in Sources */ = {isa = PBXBuildFile; fileRef = AD1598302648E32F007CFAA5 /* MockServer.swift */; };
		AD1598372648E59E007CFAA5 /* PactSwiftToolbox in Frameworks */ = {isa = PBXBuildFile; productRef = AD1598362648E59E007CFAA5 /* PactSwiftToolbox */; };
		AD15983B2648E72A007CFAA5 /* TransferProtocol.swift in Sources */ = {isa = PBXBuildFile; fileRef = AD15983A2648E72A007CFAA5 /* TransferProtocol.swift */; };
		AD15983C2648E72A007CFAA5 /* TransferProtocol.swift in Sources */ = {isa = PBXBuildFile; fileRef = AD15983A2648E72A007CFAA5 /* TransferProtocol.swift */; };
		AD15983E2648EA2C007CFAA5 /* MockServerError.swift in Sources */ = {isa = PBXBuildFile; fileRef = AD15983D2648EA2C007CFAA5 /* MockServerError.swift */; };
		AD15983F2648EA2C007CFAA5 /* MockServerError.swift in Sources */ = {isa = PBXBuildFile; fileRef = AD15983D2648EA2C007CFAA5 /* MockServerError.swift */; };
		AD1598442648EC16007CFAA5 /* PactSwiftMockServer.h in Headers */ = {isa = PBXBuildFile; fileRef = AD1597F62648DE0E007CFAA5 /* PactSwiftMockServer.h */; settings = {ATTRIBUTES = (Public, ); }; };
		AD15984D2648ED4D007CFAA5 /* VerificationError.swift in Sources */ = {isa = PBXBuildFile; fileRef = AD15984C2648ED4D007CFAA5 /* VerificationError.swift */; };
		AD15984E2648ED4D007CFAA5 /* VerificationError.swift in Sources */ = {isa = PBXBuildFile; fileRef = AD15984C2648ED4D007CFAA5 /* VerificationError.swift */; };
		AD1598522648F2E1007CFAA5 /* MockServerTests.swift in Sources */ = {isa = PBXBuildFile; fileRef = AD1598512648F2E1007CFAA5 /* MockServerTests.swift */; };
		AD1598532648F2E1007CFAA5 /* MockServerTests.swift in Sources */ = {isa = PBXBuildFile; fileRef = AD1598512648F2E1007CFAA5 /* MockServerTests.swift */; };
		AD38D300264A33E800124396 /* PactSwiftMockServer.framework in Frameworks */ = {isa = PBXBuildFile; fileRef = AD38D2F7264A33E800124396 /* PactSwiftMockServer.framework */; };
		AD38D30F264A33F200124396 /* PactSwiftToolbox in Frameworks */ = {isa = PBXBuildFile; productRef = AD38D30E264A33F200124396 /* PactSwiftToolbox */; };
		AD63D08226A02C28002682EB /* libpact_ffi.a in Frameworks */ = {isa = PBXBuildFile; fileRef = AD63D08126A02C28002682EB /* libpact_ffi.a */; };
		AD63D08F26A02C64002682EB /* libpact_ffi.a in Frameworks */ = {isa = PBXBuildFile; fileRef = AD9336A5269C33EB0004EBD8 /* libpact_ffi.a */; };
		AD933643269C2DD80004EBD8 /* libpact_ffi.a in Frameworks */ = {isa = PBXBuildFile; fileRef = AD933642269C2DD80004EBD8 /* libpact_ffi.a */; };
		AD93364D269C2EC30004EBD8 /* pact_ffi.h in Headers */ = {isa = PBXBuildFile; fileRef = AD93364C269C2EC30004EBD8 /* pact_ffi.h */; settings = {ATTRIBUTES = (Public, ); }; };
		AD93364E269C2EC30004EBD8 /* pact_ffi.h in Headers */ = {isa = PBXBuildFile; fileRef = AD93364C269C2EC30004EBD8 /* pact_ffi.h */; settings = {ATTRIBUTES = (Public, ); }; };
		AD93364F269C2EC30004EBD8 /* pact_ffi.h in Headers */ = {isa = PBXBuildFile; fileRef = AD93364C269C2EC30004EBD8 /* pact_ffi.h */; settings = {ATTRIBUTES = (Public, ); }; };
		ADB97FD726493D1800C54CA9 /* VerificationErrorTypeTests.swift in Sources */ = {isa = PBXBuildFile; fileRef = ADB97FD626493D1800C54CA9 /* VerificationErrorTypeTests.swift */; };
		ADB97FD826493D1800C54CA9 /* VerificationErrorTypeTests.swift in Sources */ = {isa = PBXBuildFile; fileRef = ADB97FD626493D1800C54CA9 /* VerificationErrorTypeTests.swift */; };
		ADB97FDA26493D5900C54CA9 /* MockServerErrorTests.swift in Sources */ = {isa = PBXBuildFile; fileRef = ADB97FD926493D5900C54CA9 /* MockServerErrorTests.swift */; };
		ADB97FDB26493D5900C54CA9 /* MockServerErrorTests.swift in Sources */ = {isa = PBXBuildFile; fileRef = ADB97FD926493D5900C54CA9 /* MockServerErrorTests.swift */; };
		ADBEF2FA2648FCBC00486C4A /* VerificationErrorHandler.swift in Sources */ = {isa = PBXBuildFile; fileRef = ADBEF2F92648FCBC00486C4A /* VerificationErrorHandler.swift */; };
		ADBEF2FB2648FCBC00486C4A /* VerificationErrorHandler.swift in Sources */ = {isa = PBXBuildFile; fileRef = ADBEF2F92648FCBC00486C4A /* VerificationErrorHandler.swift */; };
		ADBEF3012648FCF200486C4A /* PactError.swift in Sources */ = {isa = PBXBuildFile; fileRef = ADBEF2FC2648FCF200486C4A /* PactError.swift */; };
		ADBEF3022648FCF200486C4A /* PactError.swift in Sources */ = {isa = PBXBuildFile; fileRef = ADBEF2FC2648FCF200486C4A /* PactError.swift */; };
		ADBEF3032648FCF200486C4A /* MismatchErrorType.swift in Sources */ = {isa = PBXBuildFile; fileRef = ADBEF2FD2648FCF200486C4A /* MismatchErrorType.swift */; };
		ADBEF3042648FCF200486C4A /* MismatchErrorType.swift in Sources */ = {isa = PBXBuildFile; fileRef = ADBEF2FD2648FCF200486C4A /* MismatchErrorType.swift */; };
		ADBEF3052648FCF200486C4A /* MismatchError.swift in Sources */ = {isa = PBXBuildFile; fileRef = ADBEF2FE2648FCF200486C4A /* MismatchError.swift */; };
		ADBEF3062648FCF200486C4A /* MismatchError.swift in Sources */ = {isa = PBXBuildFile; fileRef = ADBEF2FE2648FCF200486C4A /* MismatchError.swift */; };
		ADBEF3072648FCF200486C4A /* RequestError.swift in Sources */ = {isa = PBXBuildFile; fileRef = ADBEF2FF2648FCF200486C4A /* RequestError.swift */; };
		ADBEF3082648FCF200486C4A /* RequestError.swift in Sources */ = {isa = PBXBuildFile; fileRef = ADBEF2FF2648FCF200486C4A /* RequestError.swift */; };
		ADBEF3092648FCF200486C4A /* VerificationErrorType.swift in Sources */ = {isa = PBXBuildFile; fileRef = ADBEF3002648FCF200486C4A /* VerificationErrorType.swift */; };
		ADBEF30A2648FCF200486C4A /* VerificationErrorType.swift in Sources */ = {isa = PBXBuildFile; fileRef = ADBEF3002648FCF200486C4A /* VerificationErrorType.swift */; };
		ADD7CB0B264B4A080091A286 /* VerificationErrorHandler.swift in Sources */ = {isa = PBXBuildFile; fileRef = ADBEF2F92648FCBC00486C4A /* VerificationErrorHandler.swift */; };
		ADD7CB0C264B4A080091A286 /* MismatchError.swift in Sources */ = {isa = PBXBuildFile; fileRef = ADBEF2FE2648FCF200486C4A /* MismatchError.swift */; };
		ADD7CB0D264B4A080091A286 /* PactError.swift in Sources */ = {isa = PBXBuildFile; fileRef = ADBEF2FC2648FCF200486C4A /* PactError.swift */; };
		ADD7CB0E264B4A080091A286 /* RequestError.swift in Sources */ = {isa = PBXBuildFile; fileRef = ADBEF2FF2648FCF200486C4A /* RequestError.swift */; };
		ADD7CB0F264B4A080091A286 /* MockServerError.swift in Sources */ = {isa = PBXBuildFile; fileRef = AD15983D2648EA2C007CFAA5 /* MockServerError.swift */; };
		ADD7CB10264B4A080091A286 /* TransferProtocol.swift in Sources */ = {isa = PBXBuildFile; fileRef = AD15983A2648E72A007CFAA5 /* TransferProtocol.swift */; };
		ADD7CB11264B4A080091A286 /* VerificationError.swift in Sources */ = {isa = PBXBuildFile; fileRef = AD15984C2648ED4D007CFAA5 /* VerificationError.swift */; };
		ADD7CB12264B4A080091A286 /* MockServer.swift in Sources */ = {isa = PBXBuildFile; fileRef = AD1598302648E32F007CFAA5 /* MockServer.swift */; };
		ADD7CB13264B4A080091A286 /* VerificationErrorType.swift in Sources */ = {isa = PBXBuildFile; fileRef = ADBEF3002648FCF200486C4A /* VerificationErrorType.swift */; };
		ADD7CB14264B4A080091A286 /* MismatchErrorType.swift in Sources */ = {isa = PBXBuildFile; fileRef = ADBEF2FD2648FCF200486C4A /* MismatchErrorType.swift */; };
		ADD7CB16264B4CCB0091A286 /* PactSwiftMockServer.h in Headers */ = {isa = PBXBuildFile; fileRef = AD1597F62648DE0E007CFAA5 /* PactSwiftMockServer.h */; settings = {ATTRIBUTES = (Public, ); }; };
/* End PBXBuildFile section */

/* Begin PBXContainerItemProxy section */
		AD1597FE2648DE0E007CFAA5 /* PBXContainerItemProxy */ = {
			isa = PBXContainerItemProxy;
			containerPortal = AD1597EA2648DE0E007CFAA5 /* Project object */;
			proxyType = 1;
			remoteGlobalIDString = AD1597F22648DE0E007CFAA5;
			remoteInfo = PactSwiftMockServer;
		};
		AD1598222648DF73007CFAA5 /* PBXContainerItemProxy */ = {
			isa = PBXContainerItemProxy;
			containerPortal = AD1597EA2648DE0E007CFAA5 /* Project object */;
			proxyType = 1;
			remoteGlobalIDString = AD1598172648DF73007CFAA5;
			remoteInfo = PactSwiftMockServer_macOS;
		};
		AD38D301264A33E800124396 /* PBXContainerItemProxy */ = {
			isa = PBXContainerItemProxy;
			containerPortal = AD1597EA2648DE0E007CFAA5 /* Project object */;
			proxyType = 1;
			remoteGlobalIDString = AD38D2F6264A33E800124396;
			remoteInfo = PactSwiftMockServer_iphoneos;
		};
/* End PBXContainerItemProxy section */

/* Begin PBXFileReference section */
		AD1597F32648DE0E007CFAA5 /* PactSwiftMockServer.framework */ = {isa = PBXFileReference; explicitFileType = wrapper.framework; includeInIndex = 0; path = PactSwiftMockServer.framework; sourceTree = BUILT_PRODUCTS_DIR; };
		AD1597F62648DE0E007CFAA5 /* PactSwiftMockServer.h */ = {isa = PBXFileReference; lastKnownFileType = sourcecode.c.h; path = PactSwiftMockServer.h; sourceTree = "<group>"; };
		AD1597F72648DE0E007CFAA5 /* Info-iOS.plist */ = {isa = PBXFileReference; lastKnownFileType = text.plist.xml; path = "Info-iOS.plist"; sourceTree = "<group>"; };
		AD1597FC2648DE0E007CFAA5 /* PactSwiftMockServer_iOSTests.xctest */ = {isa = PBXFileReference; explicitFileType = wrapper.cfbundle; includeInIndex = 0; path = PactSwiftMockServer_iOSTests.xctest; sourceTree = BUILT_PRODUCTS_DIR; };
		AD1598032648DE0E007CFAA5 /* Info-iOSTests.plist */ = {isa = PBXFileReference; lastKnownFileType = text.plist.xml; path = "Info-iOSTests.plist"; sourceTree = "<group>"; };
		AD1598182648DF73007CFAA5 /* PactSwiftMockServer.framework */ = {isa = PBXFileReference; explicitFileType = wrapper.framework; includeInIndex = 0; path = PactSwiftMockServer.framework; sourceTree = BUILT_PRODUCTS_DIR; };
		AD15981B2648DF73007CFAA5 /* Info-macOS.plist */ = {isa = PBXFileReference; lastKnownFileType = text.plist.xml; path = "Info-macOS.plist"; sourceTree = "<group>"; };
		AD1598202648DF73007CFAA5 /* PactSwiftMockServer_macOSTests.xctest */ = {isa = PBXFileReference; explicitFileType = wrapper.cfbundle; includeInIndex = 0; path = PactSwiftMockServer_macOSTests.xctest; sourceTree = BUILT_PRODUCTS_DIR; };
		AD1598272648DF73007CFAA5 /* Info-macOSTests.plist */ = {isa = PBXFileReference; lastKnownFileType = text.plist.xml; path = "Info-macOSTests.plist"; sourceTree = "<group>"; };
		AD1598302648E32F007CFAA5 /* MockServer.swift */ = {isa = PBXFileReference; lastKnownFileType = sourcecode.swift; path = MockServer.swift; sourceTree = "<group>"; };
		AD15983A2648E72A007CFAA5 /* TransferProtocol.swift */ = {isa = PBXFileReference; lastKnownFileType = sourcecode.swift; path = TransferProtocol.swift; sourceTree = "<group>"; };
		AD15983D2648EA2C007CFAA5 /* MockServerError.swift */ = {isa = PBXFileReference; lastKnownFileType = sourcecode.swift; path = MockServerError.swift; sourceTree = "<group>"; };
		AD15984C2648ED4D007CFAA5 /* VerificationError.swift */ = {isa = PBXFileReference; lastKnownFileType = sourcecode.swift; path = VerificationError.swift; sourceTree = "<group>"; };
		AD1598512648F2E1007CFAA5 /* MockServerTests.swift */ = {isa = PBXFileReference; lastKnownFileType = sourcecode.swift; path = MockServerTests.swift; sourceTree = "<group>"; };
		AD38D2F7264A33E800124396 /* PactSwiftMockServer.framework */ = {isa = PBXFileReference; explicitFileType = wrapper.framework; includeInIndex = 0; path = PactSwiftMockServer.framework; sourceTree = BUILT_PRODUCTS_DIR; };
		AD38D2FF264A33E800124396 /* PactSwiftMockServer_iphoneosTests.xctest */ = {isa = PBXFileReference; explicitFileType = wrapper.cfbundle; includeInIndex = 0; path = PactSwiftMockServer_iphoneosTests.xctest; sourceTree = BUILT_PRODUCTS_DIR; };
		AD38D313264A346900124396 /* Target-iPhone-iOS-Release.xcconfig */ = {isa = PBXFileReference; lastKnownFileType = text.xcconfig; path = "Target-iPhone-iOS-Release.xcconfig"; sourceTree = "<group>"; };
		AD38D314264A347A00124396 /* Target-iPhone-iOS-Debug.xcconfig */ = {isa = PBXFileReference; lastKnownFileType = text.xcconfig; path = "Target-iPhone-iOS-Debug.xcconfig"; sourceTree = "<group>"; };
		AD38D315264A34CD00124396 /* Target-iPhone-iOS-Shared.xcconfig */ = {isa = PBXFileReference; lastKnownFileType = text.xcconfig; path = "Target-iPhone-iOS-Shared.xcconfig"; sourceTree = "<group>"; };
		AD63D08126A02C28002682EB /* libpact_ffi.a */ = {isa = PBXFileReference; lastKnownFileType = archive.ar; path = libpact_ffi.a; sourceTree = "<group>"; };
		AD933642269C2DD80004EBD8 /* libpact_ffi.a */ = {isa = PBXFileReference; lastKnownFileType = archive.ar; path = libpact_ffi.a; sourceTree = "<group>"; };
		AD93364C269C2EC30004EBD8 /* pact_ffi.h */ = {isa = PBXFileReference; fileEncoding = 4; lastKnownFileType = sourcecode.c.h; path = pact_ffi.h; sourceTree = "<group>"; };
		AD9336A5269C33EB0004EBD8 /* libpact_ffi.a */ = {isa = PBXFileReference; lastKnownFileType = archive.ar; path = libpact_ffi.a; sourceTree = "<group>"; };
		ADB97FD626493D1800C54CA9 /* VerificationErrorTypeTests.swift */ = {isa = PBXFileReference; lastKnownFileType = sourcecode.swift; path = VerificationErrorTypeTests.swift; sourceTree = "<group>"; };
		ADB97FD926493D5900C54CA9 /* MockServerErrorTests.swift */ = {isa = PBXFileReference; lastKnownFileType = sourcecode.swift; path = MockServerErrorTests.swift; sourceTree = "<group>"; };
		ADBEF2EA2648FB0600486C4A /* Target-macOS-Tests-Shared.xcconfig */ = {isa = PBXFileReference; lastKnownFileType = text.xcconfig; path = "Target-macOS-Tests-Shared.xcconfig"; sourceTree = "<group>"; };
		ADBEF2EB2648FB0600486C4A /* Target-iOS-Tests-Debug.xcconfig */ = {isa = PBXFileReference; lastKnownFileType = text.xcconfig; path = "Target-iOS-Tests-Debug.xcconfig"; sourceTree = "<group>"; };
		ADBEF2EC2648FB0600486C4A /* Target-macOS-Tests-Debug.xcconfig */ = {isa = PBXFileReference; lastKnownFileType = text.xcconfig; path = "Target-macOS-Tests-Debug.xcconfig"; sourceTree = "<group>"; };
		ADBEF2ED2648FB0600486C4A /* Project-Shared.xcconfig */ = {isa = PBXFileReference; lastKnownFileType = text.xcconfig; path = "Project-Shared.xcconfig"; sourceTree = "<group>"; };
		ADBEF2EE2648FB0600486C4A /* Project-Release.xcconfig */ = {isa = PBXFileReference; lastKnownFileType = text.xcconfig; path = "Project-Release.xcconfig"; sourceTree = "<group>"; };
		ADBEF2EF2648FB0600486C4A /* Target-iOS-Tests-Shared.xcconfig */ = {isa = PBXFileReference; lastKnownFileType = text.xcconfig; path = "Target-iOS-Tests-Shared.xcconfig"; sourceTree = "<group>"; };
		ADBEF2F02648FB0600486C4A /* Target-macOS-Shared.xcconfig */ = {isa = PBXFileReference; lastKnownFileType = text.xcconfig; path = "Target-macOS-Shared.xcconfig"; sourceTree = "<group>"; };
		ADBEF2F12648FB0600486C4A /* Target-macOS-Tests-Release.xcconfig */ = {isa = PBXFileReference; lastKnownFileType = text.xcconfig; path = "Target-macOS-Tests-Release.xcconfig"; sourceTree = "<group>"; };
		ADBEF2F22648FB0600486C4A /* Project-Debug.xcconfig */ = {isa = PBXFileReference; lastKnownFileType = text.xcconfig; path = "Project-Debug.xcconfig"; sourceTree = "<group>"; };
		ADBEF2F32648FB0600486C4A /* Target-macOS-Release.xcconfig */ = {isa = PBXFileReference; lastKnownFileType = text.xcconfig; path = "Target-macOS-Release.xcconfig"; sourceTree = "<group>"; };
		ADBEF2F42648FB0600486C4A /* Target-iOS-Debug.xcconfig */ = {isa = PBXFileReference; lastKnownFileType = text.xcconfig; path = "Target-iOS-Debug.xcconfig"; sourceTree = "<group>"; };
		ADBEF2F52648FB0600486C4A /* Target-iOS-Shared.xcconfig */ = {isa = PBXFileReference; lastKnownFileType = text.xcconfig; path = "Target-iOS-Shared.xcconfig"; sourceTree = "<group>"; };
		ADBEF2F62648FB0600486C4A /* Target-iOS-Tests-Release.xcconfig */ = {isa = PBXFileReference; lastKnownFileType = text.xcconfig; path = "Target-iOS-Tests-Release.xcconfig"; sourceTree = "<group>"; };
		ADBEF2F72648FB0600486C4A /* Target-macOS-Debug.xcconfig */ = {isa = PBXFileReference; lastKnownFileType = text.xcconfig; path = "Target-macOS-Debug.xcconfig"; sourceTree = "<group>"; };
		ADBEF2F82648FB0600486C4A /* Target-iOS-Release.xcconfig */ = {isa = PBXFileReference; lastKnownFileType = text.xcconfig; path = "Target-iOS-Release.xcconfig"; sourceTree = "<group>"; };
		ADBEF2F92648FCBC00486C4A /* VerificationErrorHandler.swift */ = {isa = PBXFileReference; lastKnownFileType = sourcecode.swift; path = VerificationErrorHandler.swift; sourceTree = "<group>"; };
		ADBEF2FC2648FCF200486C4A /* PactError.swift */ = {isa = PBXFileReference; fileEncoding = 4; lastKnownFileType = sourcecode.swift; path = PactError.swift; sourceTree = "<group>"; };
		ADBEF2FD2648FCF200486C4A /* MismatchErrorType.swift */ = {isa = PBXFileReference; fileEncoding = 4; lastKnownFileType = sourcecode.swift; path = MismatchErrorType.swift; sourceTree = "<group>"; };
		ADBEF2FE2648FCF200486C4A /* MismatchError.swift */ = {isa = PBXFileReference; fileEncoding = 4; lastKnownFileType = sourcecode.swift; path = MismatchError.swift; sourceTree = "<group>"; };
		ADBEF2FF2648FCF200486C4A /* RequestError.swift */ = {isa = PBXFileReference; fileEncoding = 4; lastKnownFileType = sourcecode.swift; path = RequestError.swift; sourceTree = "<group>"; };
		ADBEF3002648FCF200486C4A /* VerificationErrorType.swift */ = {isa = PBXFileReference; fileEncoding = 4; lastKnownFileType = sourcecode.swift; path = VerificationErrorType.swift; sourceTree = "<group>"; };
		ADF2E5832674623F0029507D /* Package.swift */ = {isa = PBXFileReference; lastKnownFileType = sourcecode.swift; path = Package.swift; sourceTree = "<group>"; };
/* End PBXFileReference section */

/* Begin PBXFrameworksBuildPhase section */
		AD1597F02648DE0E007CFAA5 /* Frameworks */ = {
			isa = PBXFrameworksBuildPhase;
			buildActionMask = 2147483647;
			files = (
				AD1598122648DF36007CFAA5 /* PactSwiftToolbox in Frameworks */,
				AD63D08F26A02C64002682EB /* libpact_ffi.a in Frameworks */,
			);
			runOnlyForDeploymentPostprocessing = 0;
		};
		AD1597F92648DE0E007CFAA5 /* Frameworks */ = {
			isa = PBXFrameworksBuildPhase;
			buildActionMask = 2147483647;
			files = (
				AD1597FD2648DE0E007CFAA5 /* PactSwiftMockServer.framework in Frameworks */,
			);
			runOnlyForDeploymentPostprocessing = 0;
		};
		AD1598152648DF73007CFAA5 /* Frameworks */ = {
			isa = PBXFrameworksBuildPhase;
			buildActionMask = 2147483647;
			files = (
				AD933643269C2DD80004EBD8 /* libpact_ffi.a in Frameworks */,
				AD1598372648E59E007CFAA5 /* PactSwiftToolbox in Frameworks */,
			);
			runOnlyForDeploymentPostprocessing = 0;
		};
		AD15981D2648DF73007CFAA5 /* Frameworks */ = {
			isa = PBXFrameworksBuildPhase;
			buildActionMask = 2147483647;
			files = (
				AD1598212648DF73007CFAA5 /* PactSwiftMockServer.framework in Frameworks */,
			);
			runOnlyForDeploymentPostprocessing = 0;
		};
		AD38D2F4264A33E800124396 /* Frameworks */ = {
			isa = PBXFrameworksBuildPhase;
			buildActionMask = 2147483647;
			files = (
				AD38D30F264A33F200124396 /* PactSwiftToolbox in Frameworks */,
				AD63D08226A02C28002682EB /* libpact_ffi.a in Frameworks */,
			);
			runOnlyForDeploymentPostprocessing = 0;
		};
		AD38D2FC264A33E800124396 /* Frameworks */ = {
			isa = PBXFrameworksBuildPhase;
			buildActionMask = 2147483647;
			files = (
				AD38D300264A33E800124396 /* PactSwiftMockServer.framework in Frameworks */,
			);
			runOnlyForDeploymentPostprocessing = 0;
		};
/* End PBXFrameworksBuildPhase section */

/* Begin PBXGroup section */
		AD1597E92648DE0E007CFAA5 = {
			isa = PBXGroup;
			children = (
				ADF2E5832674623F0029507D /* Package.swift */,
				AD1598332648E486007CFAA5 /* Configurations */,
				AD1597F42648DE0E007CFAA5 /* Products */,
				AD15980D2648DECB007CFAA5 /* Resources */,
				AD15982F2648E31A007CFAA5 /* Sources */,
				AD1598342648E522007CFAA5 /* Tests */,
				AD1598352648E59E007CFAA5 /* Frameworks */,
			);
			sourceTree = "<group>";
		};
		AD1597F42648DE0E007CFAA5 /* Products */ = {
			isa = PBXGroup;
			children = (
				AD1597F32648DE0E007CFAA5 /* PactSwiftMockServer.framework */,
				AD1597FC2648DE0E007CFAA5 /* PactSwiftMockServer_iOSTests.xctest */,
				AD1598182648DF73007CFAA5 /* PactSwiftMockServer.framework */,
				AD1598202648DF73007CFAA5 /* PactSwiftMockServer_macOSTests.xctest */,
				AD38D2F7264A33E800124396 /* PactSwiftMockServer.framework */,
				AD38D2FF264A33E800124396 /* PactSwiftMockServer_iphoneosTests.xctest */,
			);
			name = Products;
			sourceTree = "<group>";
		};
		AD15980D2648DECB007CFAA5 /* Resources */ = {
			isa = PBXGroup;
			children = (
				AD38D310264A33F800124396 /* iOS-device */,
				AD15980F2648DEE3007CFAA5 /* x86_64-darwin */,
				AD15980E2648DED2007CFAA5 /* iOS-simulator */,
			);
			path = Resources;
			sourceTree = "<group>";
		};
		AD15980E2648DED2007CFAA5 /* iOS-simulator */ = {
			isa = PBXGroup;
			children = (
				AD9336A5269C33EB0004EBD8 /* libpact_ffi.a */,
			);
			path = "iOS-simulator";
			sourceTree = "<group>";
		};
		AD15980F2648DEE3007CFAA5 /* x86_64-darwin */ = {
			isa = PBXGroup;
			children = (
				AD933642269C2DD80004EBD8 /* libpact_ffi.a */,
			);
			path = "x86_64-darwin";
			sourceTree = "<group>";
		};
		AD15982F2648E31A007CFAA5 /* Sources */ = {
			isa = PBXGroup;
			children = (
				AD1598382648E690007CFAA5 /* Headers */,
				AD1598302648E32F007CFAA5 /* MockServer.swift */,
				AD1598392648E6DB007CFAA5 /* Model */,
			);
			path = Sources;
			sourceTree = "<group>";
		};
		AD1598332648E486007CFAA5 /* Configurations */ = {
			isa = PBXGroup;
			children = (
				AD1597F72648DE0E007CFAA5 /* Info-iOS.plist */,
				AD1598032648DE0E007CFAA5 /* Info-iOSTests.plist */,
				AD15981B2648DF73007CFAA5 /* Info-macOS.plist */,
				AD1598272648DF73007CFAA5 /* Info-macOSTests.plist */,
				ADBEF2F22648FB0600486C4A /* Project-Debug.xcconfig */,
				ADBEF2EE2648FB0600486C4A /* Project-Release.xcconfig */,
				ADBEF2ED2648FB0600486C4A /* Project-Shared.xcconfig */,
				ADBEF2F42648FB0600486C4A /* Target-iOS-Debug.xcconfig */,
				ADBEF2F82648FB0600486C4A /* Target-iOS-Release.xcconfig */,
				ADBEF2F52648FB0600486C4A /* Target-iOS-Shared.xcconfig */,
				ADBEF2EB2648FB0600486C4A /* Target-iOS-Tests-Debug.xcconfig */,
				ADBEF2F62648FB0600486C4A /* Target-iOS-Tests-Release.xcconfig */,
				ADBEF2EF2648FB0600486C4A /* Target-iOS-Tests-Shared.xcconfig */,
				AD38D314264A347A00124396 /* Target-iPhone-iOS-Debug.xcconfig */,
				AD38D313264A346900124396 /* Target-iPhone-iOS-Release.xcconfig */,
				AD38D315264A34CD00124396 /* Target-iPhone-iOS-Shared.xcconfig */,
				ADBEF2F72648FB0600486C4A /* Target-macOS-Debug.xcconfig */,
				ADBEF2F32648FB0600486C4A /* Target-macOS-Release.xcconfig */,
				ADBEF2F02648FB0600486C4A /* Target-macOS-Shared.xcconfig */,
				ADBEF2EC2648FB0600486C4A /* Target-macOS-Tests-Debug.xcconfig */,
				ADBEF2F12648FB0600486C4A /* Target-macOS-Tests-Release.xcconfig */,
				ADBEF2EA2648FB0600486C4A /* Target-macOS-Tests-Shared.xcconfig */,
			);
			path = Configurations;
			sourceTree = "<group>";
		};
		AD1598342648E522007CFAA5 /* Tests */ = {
			isa = PBXGroup;
			children = (
				ADB97FD926493D5900C54CA9 /* MockServerErrorTests.swift */,
				AD1598512648F2E1007CFAA5 /* MockServerTests.swift */,
				ADB97FD626493D1800C54CA9 /* VerificationErrorTypeTests.swift */,
			);
			path = Tests;
			sourceTree = "<group>";
		};
		AD1598352648E59E007CFAA5 /* Frameworks */ = {
			isa = PBXGroup;
			children = (
			);
			name = Frameworks;
			sourceTree = "<group>";
		};
		AD1598382648E690007CFAA5 /* Headers */ = {
			isa = PBXGroup;
			children = (
				AD93364C269C2EC30004EBD8 /* pact_ffi.h */,
				AD1597F62648DE0E007CFAA5 /* PactSwiftMockServer.h */,
			);
			name = Headers;
			sourceTree = "<group>";
		};
		AD1598392648E6DB007CFAA5 /* Model */ = {
			isa = PBXGroup;
			children = (
				ADBEF2FE2648FCF200486C4A /* MismatchError.swift */,
				ADBEF2FD2648FCF200486C4A /* MismatchErrorType.swift */,
				AD15983D2648EA2C007CFAA5 /* MockServerError.swift */,
				ADBEF2FC2648FCF200486C4A /* PactError.swift */,
				ADBEF2FF2648FCF200486C4A /* RequestError.swift */,
				AD15983A2648E72A007CFAA5 /* TransferProtocol.swift */,
				AD15984C2648ED4D007CFAA5 /* VerificationError.swift */,
				ADBEF2F92648FCBC00486C4A /* VerificationErrorHandler.swift */,
				ADBEF3002648FCF200486C4A /* VerificationErrorType.swift */,
			);
			path = Model;
			sourceTree = "<group>";
		};
		AD38D310264A33F800124396 /* iOS-device */ = {
			isa = PBXGroup;
			children = (
				AD63D08126A02C28002682EB /* libpact_ffi.a */,
			);
			path = "iOS-device";
			sourceTree = "<group>";
		};
/* End PBXGroup section */

/* Begin PBXHeadersBuildPhase section */
		AD1597EE2648DE0E007CFAA5 /* Headers */ = {
			isa = PBXHeadersBuildPhase;
			buildActionMask = 2147483647;
			files = (
				AD93364D269C2EC30004EBD8 /* pact_ffi.h in Headers */,
				AD1598042648DE0E007CFAA5 /* PactSwiftMockServer.h in Headers */,
			);
			runOnlyForDeploymentPostprocessing = 0;
		};
		AD1598132648DF73007CFAA5 /* Headers */ = {
			isa = PBXHeadersBuildPhase;
			buildActionMask = 2147483647;
			files = (
				AD93364E269C2EC30004EBD8 /* pact_ffi.h in Headers */,
				AD1598442648EC16007CFAA5 /* PactSwiftMockServer.h in Headers */,
			);
			runOnlyForDeploymentPostprocessing = 0;
		};
		AD38D2F2264A33E800124396 /* Headers */ = {
			isa = PBXHeadersBuildPhase;
			buildActionMask = 2147483647;
			files = (
				AD93364F269C2EC30004EBD8 /* pact_ffi.h in Headers */,
				ADD7CB16264B4CCB0091A286 /* PactSwiftMockServer.h in Headers */,
			);
			runOnlyForDeploymentPostprocessing = 0;
		};
/* End PBXHeadersBuildPhase section */

/* Begin PBXNativeTarget section */
		AD1597F22648DE0E007CFAA5 /* PactSwiftMockServer_iOS */ = {
			isa = PBXNativeTarget;
			buildConfigurationList = AD1598072648DE0E007CFAA5 /* Build configuration list for PBXNativeTarget "PactSwiftMockServer_iOS" */;
			buildPhases = (
				AD1597EE2648DE0E007CFAA5 /* Headers */,
				AD1597EF2648DE0E007CFAA5 /* Sources */,
				AD1597F02648DE0E007CFAA5 /* Frameworks */,
				AD1597F12648DE0E007CFAA5 /* Resources */,
			);
			buildRules = (
			);
			dependencies = (
			);
			name = PactSwiftMockServer_iOS;
			packageProductDependencies = (
				AD1598112648DF36007CFAA5 /* PactSwiftToolbox */,
			);
			productName = PactSwiftMockServer;
			productReference = AD1597F32648DE0E007CFAA5 /* PactSwiftMockServer.framework */;
			productType = "com.apple.product-type.framework";
		};
		AD1597FB2648DE0E007CFAA5 /* PactSwiftMockServer_iOSTests */ = {
			isa = PBXNativeTarget;
			buildConfigurationList = AD15980A2648DE0E007CFAA5 /* Build configuration list for PBXNativeTarget "PactSwiftMockServer_iOSTests" */;
			buildPhases = (
				AD1597F82648DE0E007CFAA5 /* Sources */,
				AD1597F92648DE0E007CFAA5 /* Frameworks */,
				AD1597FA2648DE0E007CFAA5 /* Resources */,
			);
			buildRules = (
			);
			dependencies = (
				AD1597FF2648DE0E007CFAA5 /* PBXTargetDependency */,
			);
			name = PactSwiftMockServer_iOSTests;
			productName = PactSwiftMockServerTests;
			productReference = AD1597FC2648DE0E007CFAA5 /* PactSwiftMockServer_iOSTests.xctest */;
			productType = "com.apple.product-type.bundle.unit-test";
		};
		AD1598172648DF73007CFAA5 /* PactSwiftMockServer_macOS */ = {
			isa = PBXNativeTarget;
			buildConfigurationList = AD1598292648DF73007CFAA5 /* Build configuration list for PBXNativeTarget "PactSwiftMockServer_macOS" */;
			buildPhases = (
				AD1598132648DF73007CFAA5 /* Headers */,
				AD1598142648DF73007CFAA5 /* Sources */,
				AD1598152648DF73007CFAA5 /* Frameworks */,
				AD1598162648DF73007CFAA5 /* Resources */,
			);
			buildRules = (
			);
			dependencies = (
			);
			name = PactSwiftMockServer_macOS;
			packageProductDependencies = (
				AD1598362648E59E007CFAA5 /* PactSwiftToolbox */,
			);
			productName = PactSwiftMockServer_macOS;
			productReference = AD1598182648DF73007CFAA5 /* PactSwiftMockServer.framework */;
			productType = "com.apple.product-type.framework";
		};
		AD15981F2648DF73007CFAA5 /* PactSwiftMockServer_macOSTests */ = {
			isa = PBXNativeTarget;
			buildConfigurationList = AD15982C2648DF73007CFAA5 /* Build configuration list for PBXNativeTarget "PactSwiftMockServer_macOSTests" */;
			buildPhases = (
				AD15981C2648DF73007CFAA5 /* Sources */,
				AD15981D2648DF73007CFAA5 /* Frameworks */,
				AD15981E2648DF73007CFAA5 /* Resources */,
			);
			buildRules = (
			);
			dependencies = (
				AD1598232648DF73007CFAA5 /* PBXTargetDependency */,
			);
			name = PactSwiftMockServer_macOSTests;
			productName = PactSwiftMockServer_macOSTests;
			productReference = AD1598202648DF73007CFAA5 /* PactSwiftMockServer_macOSTests.xctest */;
			productType = "com.apple.product-type.bundle.unit-test";
		};
		AD38D2F6264A33E800124396 /* PactSwiftMockServer_iphoneos */ = {
			isa = PBXNativeTarget;
			buildConfigurationList = AD38D308264A33E800124396 /* Build configuration list for PBXNativeTarget "PactSwiftMockServer_iphoneos" */;
			buildPhases = (
				AD38D2F2264A33E800124396 /* Headers */,
				AD38D2F3264A33E800124396 /* Sources */,
				AD38D2F4264A33E800124396 /* Frameworks */,
				AD38D2F5264A33E800124396 /* Resources */,
			);
			buildRules = (
			);
			dependencies = (
			);
			name = PactSwiftMockServer_iphoneos;
			packageProductDependencies = (
				AD38D30E264A33F200124396 /* PactSwiftToolbox */,
			);
			productName = PactSwiftMockServer_iphoneos;
			productReference = AD38D2F7264A33E800124396 /* PactSwiftMockServer.framework */;
			productType = "com.apple.product-type.framework";
		};
		AD38D2FE264A33E800124396 /* PactSwiftMockServer_iphoneosTests */ = {
			isa = PBXNativeTarget;
			buildConfigurationList = AD38D30B264A33E800124396 /* Build configuration list for PBXNativeTarget "PactSwiftMockServer_iphoneosTests" */;
			buildPhases = (
				AD38D2FB264A33E800124396 /* Sources */,
				AD38D2FC264A33E800124396 /* Frameworks */,
				AD38D2FD264A33E800124396 /* Resources */,
			);
			buildRules = (
			);
			dependencies = (
				AD38D302264A33E800124396 /* PBXTargetDependency */,
			);
			name = PactSwiftMockServer_iphoneosTests;
			productName = PactSwiftMockServer_iphoneosTests;
			productReference = AD38D2FF264A33E800124396 /* PactSwiftMockServer_iphoneosTests.xctest */;
			productType = "com.apple.product-type.bundle.unit-test";
		};
/* End PBXNativeTarget section */

/* Begin PBXProject section */
		AD1597EA2648DE0E007CFAA5 /* Project object */ = {
			isa = PBXProject;
			attributes = {
				LastSwiftUpdateCheck = 1250;
				LastUpgradeCheck = 1250;
				TargetAttributes = {
					AD1597F22648DE0E007CFAA5 = {
						CreatedOnToolsVersion = 12.5;
						LastSwiftMigration = 1250;
					};
					AD1597FB2648DE0E007CFAA5 = {
						CreatedOnToolsVersion = 12.5;
						LastSwiftMigration = 1250;
					};
					AD1598172648DF73007CFAA5 = {
						CreatedOnToolsVersion = 12.5;
						LastSwiftMigration = 1250;
					};
					AD15981F2648DF73007CFAA5 = {
						CreatedOnToolsVersion = 12.5;
						LastSwiftMigration = 1250;
					};
					AD38D2F6264A33E800124396 = {
						CreatedOnToolsVersion = 12.5;
					};
					AD38D2FE264A33E800124396 = {
						CreatedOnToolsVersion = 12.5;
					};
				};
			};
			buildConfigurationList = AD1597ED2648DE0E007CFAA5 /* Build configuration list for PBXProject "PactSwiftMockServer" */;
			compatibilityVersion = "Xcode 9.3";
			developmentRegion = en;
			hasScannedForEncodings = 0;
			knownRegions = (
				en,
				Base,
			);
			mainGroup = AD1597E92648DE0E007CFAA5;
			packageReferences = (
				AD1598102648DF36007CFAA5 /* XCRemoteSwiftPackageReference "PactSwiftToolbox" */,
			);
			productRefGroup = AD1597F42648DE0E007CFAA5 /* Products */;
			projectDirPath = "";
			projectRoot = "";
			targets = (
				AD1597F22648DE0E007CFAA5 /* PactSwiftMockServer_iOS */,
				AD1597FB2648DE0E007CFAA5 /* PactSwiftMockServer_iOSTests */,
				AD1598172648DF73007CFAA5 /* PactSwiftMockServer_macOS */,
				AD15981F2648DF73007CFAA5 /* PactSwiftMockServer_macOSTests */,
				AD38D2F6264A33E800124396 /* PactSwiftMockServer_iphoneos */,
				AD38D2FE264A33E800124396 /* PactSwiftMockServer_iphoneosTests */,
			);
		};
/* End PBXProject section */

/* Begin PBXResourcesBuildPhase section */
		AD1597F12648DE0E007CFAA5 /* Resources */ = {
			isa = PBXResourcesBuildPhase;
			buildActionMask = 2147483647;
			files = (
			);
			runOnlyForDeploymentPostprocessing = 0;
		};
		AD1597FA2648DE0E007CFAA5 /* Resources */ = {
			isa = PBXResourcesBuildPhase;
			buildActionMask = 2147483647;
			files = (
			);
			runOnlyForDeploymentPostprocessing = 0;
		};
		AD1598162648DF73007CFAA5 /* Resources */ = {
			isa = PBXResourcesBuildPhase;
			buildActionMask = 2147483647;
			files = (
			);
			runOnlyForDeploymentPostprocessing = 0;
		};
		AD15981E2648DF73007CFAA5 /* Resources */ = {
			isa = PBXResourcesBuildPhase;
			buildActionMask = 2147483647;
			files = (
			);
			runOnlyForDeploymentPostprocessing = 0;
		};
		AD38D2F5264A33E800124396 /* Resources */ = {
			isa = PBXResourcesBuildPhase;
			buildActionMask = 2147483647;
			files = (
			);
			runOnlyForDeploymentPostprocessing = 0;
		};
		AD38D2FD264A33E800124396 /* Resources */ = {
			isa = PBXResourcesBuildPhase;
			buildActionMask = 2147483647;
			files = (
			);
			runOnlyForDeploymentPostprocessing = 0;
		};
/* End PBXResourcesBuildPhase section */

/* Begin PBXSourcesBuildPhase section */
		AD1597EF2648DE0E007CFAA5 /* Sources */ = {
			isa = PBXSourcesBuildPhase;
			buildActionMask = 2147483647;
			files = (
				ADBEF3052648FCF200486C4A /* MismatchError.swift in Sources */,
				ADBEF3092648FCF200486C4A /* VerificationErrorType.swift in Sources */,
				ADBEF3012648FCF200486C4A /* PactError.swift in Sources */,
				AD15983E2648EA2C007CFAA5 /* MockServerError.swift in Sources */,
				AD15983B2648E72A007CFAA5 /* TransferProtocol.swift in Sources */,
				ADBEF3032648FCF200486C4A /* MismatchErrorType.swift in Sources */,
				ADBEF3072648FCF200486C4A /* RequestError.swift in Sources */,
				AD1598312648E32F007CFAA5 /* MockServer.swift in Sources */,
				ADBEF2FA2648FCBC00486C4A /* VerificationErrorHandler.swift in Sources */,
				AD15984D2648ED4D007CFAA5 /* VerificationError.swift in Sources */,
			);
			runOnlyForDeploymentPostprocessing = 0;
		};
		AD1597F82648DE0E007CFAA5 /* Sources */ = {
			isa = PBXSourcesBuildPhase;
			buildActionMask = 2147483647;
			files = (
				ADB97FD726493D1800C54CA9 /* VerificationErrorTypeTests.swift in Sources */,
				ADB97FDA26493D5900C54CA9 /* MockServerErrorTests.swift in Sources */,
				AD1598522648F2E1007CFAA5 /* MockServerTests.swift in Sources */,
			);
			runOnlyForDeploymentPostprocessing = 0;
		};
		AD1598142648DF73007CFAA5 /* Sources */ = {
			isa = PBXSourcesBuildPhase;
			buildActionMask = 2147483647;
			files = (
				ADBEF3062648FCF200486C4A /* MismatchError.swift in Sources */,
				ADBEF30A2648FCF200486C4A /* VerificationErrorType.swift in Sources */,
				ADBEF3022648FCF200486C4A /* PactError.swift in Sources */,
				AD15983F2648EA2C007CFAA5 /* MockServerError.swift in Sources */,
				AD15983C2648E72A007CFAA5 /* TransferProtocol.swift in Sources */,
				ADBEF3042648FCF200486C4A /* MismatchErrorType.swift in Sources */,
				ADBEF3082648FCF200486C4A /* RequestError.swift in Sources */,
				AD1598322648E32F007CFAA5 /* MockServer.swift in Sources */,
				ADBEF2FB2648FCBC00486C4A /* VerificationErrorHandler.swift in Sources */,
				AD15984E2648ED4D007CFAA5 /* VerificationError.swift in Sources */,
			);
			runOnlyForDeploymentPostprocessing = 0;
		};
		AD15981C2648DF73007CFAA5 /* Sources */ = {
			isa = PBXSourcesBuildPhase;
			buildActionMask = 2147483647;
			files = (
				ADB97FD826493D1800C54CA9 /* VerificationErrorTypeTests.swift in Sources */,
				ADB97FDB26493D5900C54CA9 /* MockServerErrorTests.swift in Sources */,
				AD1598532648F2E1007CFAA5 /* MockServerTests.swift in Sources */,
			);
			runOnlyForDeploymentPostprocessing = 0;
		};
		AD38D2F3264A33E800124396 /* Sources */ = {
			isa = PBXSourcesBuildPhase;
			buildActionMask = 2147483647;
			files = (
				ADD7CB0C264B4A080091A286 /* MismatchError.swift in Sources */,
				ADD7CB0E264B4A080091A286 /* RequestError.swift in Sources */,
				ADD7CB0F264B4A080091A286 /* MockServerError.swift in Sources */,
				ADD7CB0B264B4A080091A286 /* VerificationErrorHandler.swift in Sources */,
				ADD7CB13264B4A080091A286 /* VerificationErrorType.swift in Sources */,
				ADD7CB11264B4A080091A286 /* VerificationError.swift in Sources */,
				ADD7CB12264B4A080091A286 /* MockServer.swift in Sources */,
				ADD7CB14264B4A080091A286 /* MismatchErrorType.swift in Sources */,
				ADD7CB10264B4A080091A286 /* TransferProtocol.swift in Sources */,
				ADD7CB0D264B4A080091A286 /* PactError.swift in Sources */,
			);
			runOnlyForDeploymentPostprocessing = 0;
		};
		AD38D2FB264A33E800124396 /* Sources */ = {
			isa = PBXSourcesBuildPhase;
			buildActionMask = 2147483647;
			files = (
			);
			runOnlyForDeploymentPostprocessing = 0;
		};
/* End PBXSourcesBuildPhase section */

/* Begin PBXTargetDependency section */
		AD1597FF2648DE0E007CFAA5 /* PBXTargetDependency */ = {
			isa = PBXTargetDependency;
			target = AD1597F22648DE0E007CFAA5 /* PactSwiftMockServer_iOS */;
			targetProxy = AD1597FE2648DE0E007CFAA5 /* PBXContainerItemProxy */;
		};
		AD1598232648DF73007CFAA5 /* PBXTargetDependency */ = {
			isa = PBXTargetDependency;
			target = AD1598172648DF73007CFAA5 /* PactSwiftMockServer_macOS */;
			targetProxy = AD1598222648DF73007CFAA5 /* PBXContainerItemProxy */;
		};
		AD38D302264A33E800124396 /* PBXTargetDependency */ = {
			isa = PBXTargetDependency;
			target = AD38D2F6264A33E800124396 /* PactSwiftMockServer_iphoneos */;
			targetProxy = AD38D301264A33E800124396 /* PBXContainerItemProxy */;
		};
/* End PBXTargetDependency section */

/* Begin XCBuildConfiguration section */
		AD1598052648DE0E007CFAA5 /* Debug */ = {
			isa = XCBuildConfiguration;
			baseConfigurationReference = ADBEF2F22648FB0600486C4A /* Project-Debug.xcconfig */;
			buildSettings = {
			};
			name = Debug;
		};
		AD1598062648DE0E007CFAA5 /* Release */ = {
			isa = XCBuildConfiguration;
			baseConfigurationReference = ADBEF2EE2648FB0600486C4A /* Project-Release.xcconfig */;
			buildSettings = {
			};
			name = Release;
		};
		AD1598082648DE0E007CFAA5 /* Debug */ = {
			isa = XCBuildConfiguration;
			baseConfigurationReference = ADBEF2F42648FB0600486C4A /* Target-iOS-Debug.xcconfig */;
			buildSettings = {
				LIBRARY_SEARCH_PATHS = (
					"$(inherited)",
					"$(PROJECT_DIR)/Resources/iOS-simulator",
				);
			};
			name = Debug;
		};
		AD1598092648DE0E007CFAA5 /* Release */ = {
			isa = XCBuildConfiguration;
			baseConfigurationReference = ADBEF2F82648FB0600486C4A /* Target-iOS-Release.xcconfig */;
			buildSettings = {
				LIBRARY_SEARCH_PATHS = (
					"$(inherited)",
					"$(PROJECT_DIR)/Resources/iOS-simulator",
				);
			};
			name = Release;
		};
		AD15980B2648DE0E007CFAA5 /* Debug */ = {
			isa = XCBuildConfiguration;
			baseConfigurationReference = ADBEF2EB2648FB0600486C4A /* Target-iOS-Tests-Debug.xcconfig */;
			buildSettings = {
			};
			name = Debug;
		};
		AD15980C2648DE0E007CFAA5 /* Release */ = {
			isa = XCBuildConfiguration;
			baseConfigurationReference = ADBEF2F62648FB0600486C4A /* Target-iOS-Tests-Release.xcconfig */;
			buildSettings = {
			};
			name = Release;
		};
		AD15982A2648DF73007CFAA5 /* Debug */ = {
			isa = XCBuildConfiguration;
			baseConfigurationReference = ADBEF2F72648FB0600486C4A /* Target-macOS-Debug.xcconfig */;
			buildSettings = {
			};
			name = Debug;
		};
		AD15982B2648DF73007CFAA5 /* Release */ = {
			isa = XCBuildConfiguration;
			baseConfigurationReference = ADBEF2F32648FB0600486C4A /* Target-macOS-Release.xcconfig */;
			buildSettings = {
			};
			name = Release;
		};
		AD15982D2648DF73007CFAA5 /* Debug */ = {
			isa = XCBuildConfiguration;
			baseConfigurationReference = ADBEF2EC2648FB0600486C4A /* Target-macOS-Tests-Debug.xcconfig */;
			buildSettings = {
			};
			name = Debug;
		};
		AD15982E2648DF73007CFAA5 /* Release */ = {
			isa = XCBuildConfiguration;
			baseConfigurationReference = ADBEF2F12648FB0600486C4A /* Target-macOS-Tests-Release.xcconfig */;
			buildSettings = {
			};
			name = Release;
		};
		AD38D309264A33E800124396 /* Debug */ = {
			isa = XCBuildConfiguration;
			baseConfigurationReference = AD38D314264A347A00124396 /* Target-iPhone-iOS-Debug.xcconfig */;
			buildSettings = {
			};
			name = Debug;
		};
		AD38D30A264A33E800124396 /* Release */ = {
			isa = XCBuildConfiguration;
			baseConfigurationReference = AD38D313264A346900124396 /* Target-iPhone-iOS-Release.xcconfig */;
			buildSettings = {
			};
			name = Release;
		};
		AD38D30C264A33E800124396 /* Debug */ = {
			isa = XCBuildConfiguration;
			baseConfigurationReference = ADBEF2EB2648FB0600486C4A /* Target-iOS-Tests-Debug.xcconfig */;
			buildSettings = {
				ALWAYS_EMBED_SWIFT_STANDARD_LIBRARIES = YES;
			};
			name = Debug;
		};
		AD38D30D264A33E800124396 /* Release */ = {
			isa = XCBuildConfiguration;
			baseConfigurationReference = ADBEF2F62648FB0600486C4A /* Target-iOS-Tests-Release.xcconfig */;
			buildSettings = {
				ALWAYS_EMBED_SWIFT_STANDARD_LIBRARIES = YES;
			};
			name = Release;
		};
/* End XCBuildConfiguration section */

/* Begin XCConfigurationList section */
		AD1597ED2648DE0E007CFAA5 /* Build configuration list for PBXProject "PactSwiftMockServer" */ = {
			isa = XCConfigurationList;
			buildConfigurations = (
				AD1598052648DE0E007CFAA5 /* Debug */,
				AD1598062648DE0E007CFAA5 /* Release */,
			);
			defaultConfigurationIsVisible = 0;
			defaultConfigurationName = Release;
		};
		AD1598072648DE0E007CFAA5 /* Build configuration list for PBXNativeTarget "PactSwiftMockServer_iOS" */ = {
			isa = XCConfigurationList;
			buildConfigurations = (
				AD1598082648DE0E007CFAA5 /* Debug */,
				AD1598092648DE0E007CFAA5 /* Release */,
			);
			defaultConfigurationIsVisible = 0;
			defaultConfigurationName = Release;
		};
		AD15980A2648DE0E007CFAA5 /* Build configuration list for PBXNativeTarget "PactSwiftMockServer_iOSTests" */ = {
			isa = XCConfigurationList;
			buildConfigurations = (
				AD15980B2648DE0E007CFAA5 /* Debug */,
				AD15980C2648DE0E007CFAA5 /* Release */,
			);
			defaultConfigurationIsVisible = 0;
			defaultConfigurationName = Release;
		};
		AD1598292648DF73007CFAA5 /* Build configuration list for PBXNativeTarget "PactSwiftMockServer_macOS" */ = {
			isa = XCConfigurationList;
			buildConfigurations = (
				AD15982A2648DF73007CFAA5 /* Debug */,
				AD15982B2648DF73007CFAA5 /* Release */,
			);
			defaultConfigurationIsVisible = 0;
			defaultConfigurationName = Release;
		};
		AD15982C2648DF73007CFAA5 /* Build configuration list for PBXNativeTarget "PactSwiftMockServer_macOSTests" */ = {
			isa = XCConfigurationList;
			buildConfigurations = (
				AD15982D2648DF73007CFAA5 /* Debug */,
				AD15982E2648DF73007CFAA5 /* Release */,
			);
			defaultConfigurationIsVisible = 0;
			defaultConfigurationName = Release;
		};
		AD38D308264A33E800124396 /* Build configuration list for PBXNativeTarget "PactSwiftMockServer_iphoneos" */ = {
			isa = XCConfigurationList;
			buildConfigurations = (
				AD38D309264A33E800124396 /* Debug */,
				AD38D30A264A33E800124396 /* Release */,
			);
			defaultConfigurationIsVisible = 0;
			defaultConfigurationName = Release;
		};
		AD38D30B264A33E800124396 /* Build configuration list for PBXNativeTarget "PactSwiftMockServer_iphoneosTests" */ = {
			isa = XCConfigurationList;
			buildConfigurations = (
				AD38D30C264A33E800124396 /* Debug */,
				AD38D30D264A33E800124396 /* Release */,
			);
			defaultConfigurationIsVisible = 0;
			defaultConfigurationName = Release;
		};
/* End XCConfigurationList section */

/* Begin XCRemoteSwiftPackageReference section */
		AD1598102648DF36007CFAA5 /* XCRemoteSwiftPackageReference "PactSwiftToolbox" */ = {
			isa = XCRemoteSwiftPackageReference;
			repositoryURL = "https://github.com/surpher/PactSwiftToolbox";
			requirement = {
				kind = upToNextMajorVersion;
				minimumVersion = 0.1.0;
			};
		};
/* End XCRemoteSwiftPackageReference section */

/* Begin XCSwiftPackageProductDependency section */
		AD1598112648DF36007CFAA5 /* PactSwiftToolbox */ = {
			isa = XCSwiftPackageProductDependency;
			package = AD1598102648DF36007CFAA5 /* XCRemoteSwiftPackageReference "PactSwiftToolbox" */;
			productName = PactSwiftToolbox;
		};
		AD1598362648E59E007CFAA5 /* PactSwiftToolbox */ = {
			isa = XCSwiftPackageProductDependency;
			package = AD1598102648DF36007CFAA5 /* XCRemoteSwiftPackageReference "PactSwiftToolbox" */;
			productName = PactSwiftToolbox;
		};
		AD38D30E264A33F200124396 /* PactSwiftToolbox */ = {
			isa = XCSwiftPackageProductDependency;
			package = AD1598102648DF36007CFAA5 /* XCRemoteSwiftPackageReference "PactSwiftToolbox" */;
			productName = PactSwiftToolbox;
		};
/* End XCSwiftPackageProductDependency section */
	};
	rootObject = AD1597EA2648DE0E007CFAA5 /* Project object */;
}
